// !$*UTF8*$!
{
	archiveVersion = 1;
	classes = {
	};
	objectVersion = 56;
	objects = {

/* Begin PBXBuildFile section */
		3A26D9602C2501370019B223 /* Global.swift in Sources */ = {isa = PBXBuildFile; fileRef = 3A26D95F2C2501370019B223 /* Global.swift */; };
		3A26D9622C2507070019B223 /* ContentView.swift in Sources */ = {isa = PBXBuildFile; fileRef = 3A26D9612C2507070019B223 /* ContentView.swift */; };
		3A26D9642C251F820019B223 /* VoiceView.swift in Sources */ = {isa = PBXBuildFile; fileRef = 3A26D9632C251F820019B223 /* VoiceView.swift */; };
		3A26D9662C25F0450019B223 /* Playground.swift in Sources */ = {isa = PBXBuildFile; fileRef = 3A26D9652C25F0450019B223 /* Playground.swift */; };
		3A26D9682C265D480019B223 /* AccountsView.swift in Sources */ = {isa = PBXBuildFile; fileRef = 3A26D9672C265D480019B223 /* AccountsView.swift */; };
		3A26D96A2C2728780019B223 /* NewAccountView.swift in Sources */ = {isa = PBXBuildFile; fileRef = 3A26D9692C2728780019B223 /* NewAccountView.swift */; };
		3A26D96C2C3A306C0019B223 /* Account.swift in Sources */ = {isa = PBXBuildFile; fileRef = 3A26D96B2C3A306C0019B223 /* Account.swift */; };
		3A26D96E2C3B42000019B223 /* Backup.swift in Sources */ = {isa = PBXBuildFile; fileRef = 3A26D96D2C3B42000019B223 /* Backup.swift */; };
		3A26D9702C3B5AC40019B223 /* NewTransactionView.swift in Sources */ = {isa = PBXBuildFile; fileRef = 3A26D96F2C3B5AC30019B223 /* NewTransactionView.swift */; };
		3A26D9722C4D7EB90019B223 /* AccountView.swift in Sources */ = {isa = PBXBuildFile; fileRef = 3A26D9712C4D7EB90019B223 /* AccountView.swift */; };
		3ADBCC7E2C1D00B2002C5C1A /* PocketPalApp.swift in Sources */ = {isa = PBXBuildFile; fileRef = 3ADBCC7D2C1D00B2002C5C1A /* PocketPalApp.swift */; };
		3ADBCC802C1D00B2002C5C1A /* HomeView.swift in Sources */ = {isa = PBXBuildFile; fileRef = 3ADBCC7F2C1D00B2002C5C1A /* HomeView.swift */; };
		3ADBCC822C1D00B4002C5C1A /* Assets.xcassets in Resources */ = {isa = PBXBuildFile; fileRef = 3ADBCC812C1D00B4002C5C1A /* Assets.xcassets */; };
		3ADBCC852C1D00B4002C5C1A /* Preview Assets.xcassets in Resources */ = {isa = PBXBuildFile; fileRef = 3ADBCC842C1D00B4002C5C1A /* Preview Assets.xcassets */; };
/* End PBXBuildFile section */

/* Begin PBXFileReference section */
		3A26D95F2C2501370019B223 /* Global.swift */ = {isa = PBXFileReference; lastKnownFileType = sourcecode.swift; path = Global.swift; sourceTree = "<group>"; };
		3A26D9612C2507070019B223 /* ContentView.swift */ = {isa = PBXFileReference; lastKnownFileType = sourcecode.swift; path = ContentView.swift; sourceTree = "<group>"; };
		3A26D9632C251F820019B223 /* VoiceView.swift */ = {isa = PBXFileReference; lastKnownFileType = sourcecode.swift; path = VoiceView.swift; sourceTree = "<group>"; };
		3A26D9652C25F0450019B223 /* Playground.swift */ = {isa = PBXFileReference; lastKnownFileType = sourcecode.swift; path = Playground.swift; sourceTree = "<group>"; };
		3A26D9672C265D480019B223 /* AccountsView.swift */ = {isa = PBXFileReference; lastKnownFileType = sourcecode.swift; path = AccountsView.swift; sourceTree = "<group>"; };
		3A26D9692C2728780019B223 /* NewAccountView.swift */ = {isa = PBXFileReference; lastKnownFileType = sourcecode.swift; path = NewAccountView.swift; sourceTree = "<group>"; };
		3A26D96B2C3A306C0019B223 /* Account.swift */ = {isa = PBXFileReference; lastKnownFileType = sourcecode.swift; path = Account.swift; sourceTree = "<group>"; };
		3A26D96D2C3B42000019B223 /* Backup.swift */ = {isa = PBXFileReference; lastKnownFileType = sourcecode.swift; path = Backup.swift; sourceTree = "<group>"; };
		3A26D96F2C3B5AC30019B223 /* NewTransactionView.swift */ = {isa = PBXFileReference; lastKnownFileType = sourcecode.swift; path = NewTransactionView.swift; sourceTree = "<group>"; };
		3A26D9712C4D7EB90019B223 /* AccountView.swift */ = {isa = PBXFileReference; lastKnownFileType = sourcecode.swift; path = AccountView.swift; sourceTree = "<group>"; };
		3ADBCC7A2C1D00B2002C5C1A /* PocketPal.app */ = {isa = PBXFileReference; explicitFileType = wrapper.application; includeInIndex = 0; path = PocketPal.app; sourceTree = BUILT_PRODUCTS_DIR; };
		3ADBCC7D2C1D00B2002C5C1A /* PocketPalApp.swift */ = {isa = PBXFileReference; lastKnownFileType = sourcecode.swift; path = PocketPalApp.swift; sourceTree = "<group>"; };
		3ADBCC7F2C1D00B2002C5C1A /* HomeView.swift */ = {isa = PBXFileReference; lastKnownFileType = sourcecode.swift; path = HomeView.swift; sourceTree = "<group>"; };
		3ADBCC812C1D00B4002C5C1A /* Assets.xcassets */ = {isa = PBXFileReference; lastKnownFileType = folder.assetcatalog; path = Assets.xcassets; sourceTree = "<group>"; };
		3ADBCC842C1D00B4002C5C1A /* Preview Assets.xcassets */ = {isa = PBXFileReference; lastKnownFileType = folder.assetcatalog; path = "Preview Assets.xcassets"; sourceTree = "<group>"; };
/* End PBXFileReference section */

/* Begin PBXFrameworksBuildPhase section */
		3ADBCC772C1D00B2002C5C1A /* Frameworks */ = {
			isa = PBXFrameworksBuildPhase;
			buildActionMask = 2147483647;
			files = (
			);
			runOnlyForDeploymentPostprocessing = 0;
		};
/* End PBXFrameworksBuildPhase section */

/* Begin PBXGroup section */
		3ADBCC712C1D00B2002C5C1A = {
			isa = PBXGroup;
			children = (
				3ADBCC7C2C1D00B2002C5C1A /* PocketPal */,
				3ADBCC7B2C1D00B2002C5C1A /* Products */,
			);
			sourceTree = "<group>";
		};
		3ADBCC7B2C1D00B2002C5C1A /* Products */ = {
			isa = PBXGroup;
			children = (
				3ADBCC7A2C1D00B2002C5C1A /* PocketPal.app */,
			);
			name = Products;
			sourceTree = "<group>";
		};
		3ADBCC7C2C1D00B2002C5C1A /* PocketPal */ = {
			isa = PBXGroup;
			children = (
				3A26D9712C4D7EB90019B223 /* AccountView.swift */,
				3ADBCC7D2C1D00B2002C5C1A /* PocketPalApp.swift */,
				3ADBCC7F2C1D00B2002C5C1A /* HomeView.swift */,
				3A26D96B2C3A306C0019B223 /* Account.swift */,
				3A26D9632C251F820019B223 /* VoiceView.swift */,
				3A26D9672C265D480019B223 /* AccountsView.swift */,
				3A26D96F2C3B5AC30019B223 /* NewTransactionView.swift */,
				3A26D9692C2728780019B223 /* NewAccountView.swift */,
				3A26D96D2C3B42000019B223 /* Backup.swift */,
				3ADBCC812C1D00B4002C5C1A /* Assets.xcassets */,
				3ADBCC832C1D00B4002C5C1A /* Preview Content */,
				3A26D95F2C2501370019B223 /* Global.swift */,
				3A26D9652C25F0450019B223 /* Playground.swift */,
				3A26D9612C2507070019B223 /* ContentView.swift */,
			);
			path = PocketPal;
			sourceTree = "<group>";
		};
		3ADBCC832C1D00B4002C5C1A /* Preview Content */ = {
			isa = PBXGroup;
			children = (
				3ADBCC842C1D00B4002C5C1A /* Preview Assets.xcassets */,
			);
			path = "Preview Content";
			sourceTree = "<group>";
		};
/* End PBXGroup section */

/* Begin PBXNativeTarget section */
		3ADBCC792C1D00B2002C5C1A /* PocketPal */ = {
			isa = PBXNativeTarget;
			buildConfigurationList = 3ADBCC882C1D00B4002C5C1A /* Build configuration list for PBXNativeTarget "PocketPal" */;
			buildPhases = (
				3ADBCC762C1D00B2002C5C1A /* Sources */,
				3ADBCC772C1D00B2002C5C1A /* Frameworks */,
				3ADBCC782C1D00B2002C5C1A /* Resources */,
			);
			buildRules = (
			);
			dependencies = (
			);
			name = PocketPal;
			productName = PocketPal;
			productReference = 3ADBCC7A2C1D00B2002C5C1A /* PocketPal.app */;
			productType = "com.apple.product-type.application";
		};
/* End PBXNativeTarget section */

/* Begin PBXProject section */
		3ADBCC722C1D00B2002C5C1A /* Project object */ = {
			isa = PBXProject;
			attributes = {
				BuildIndependentTargetsInParallel = 1;
				LastSwiftUpdateCheck = 1530;
				LastUpgradeCheck = 1530;
				TargetAttributes = {
					3ADBCC792C1D00B2002C5C1A = {
						CreatedOnToolsVersion = 15.3;
					};
				};
			};
			buildConfigurationList = 3ADBCC752C1D00B2002C5C1A /* Build configuration list for PBXProject "PocketPal" */;
			compatibilityVersion = "Xcode 14.0";
			developmentRegion = en;
			hasScannedForEncodings = 0;
			knownRegions = (
				en,
				Base,
			);
			mainGroup = 3ADBCC712C1D00B2002C5C1A;
			productRefGroup = 3ADBCC7B2C1D00B2002C5C1A /* Products */;
			projectDirPath = "";
			projectRoot = "";
			targets = (
				3ADBCC792C1D00B2002C5C1A /* PocketPal */,
			);
		};
/* End PBXProject section */

/* Begin PBXResourcesBuildPhase section */
		3ADBCC782C1D00B2002C5C1A /* Resources */ = {
			isa = PBXResourcesBuildPhase;
			buildActionMask = 2147483647;
			files = (
				3ADBCC852C1D00B4002C5C1A /* Preview Assets.xcassets in Resources */,
				3ADBCC822C1D00B4002C5C1A /* Assets.xcassets in Resources */,
			);
			runOnlyForDeploymentPostprocessing = 0;
		};
/* End PBXResourcesBuildPhase section */

/* Begin PBXSourcesBuildPhase section */
		3ADBCC762C1D00B2002C5C1A /* Sources */ = {
			isa = PBXSourcesBuildPhase;
			buildActionMask = 2147483647;
			files = (
				3A26D9722C4D7EB90019B223 /* AccountView.swift in Sources */,
				3A26D9642C251F820019B223 /* VoiceView.swift in Sources */,
				3A26D96A2C2728780019B223 /* NewAccountView.swift in Sources */,
				3ADBCC802C1D00B2002C5C1A /* HomeView.swift in Sources */,
				3A26D9662C25F0450019B223 /* Playground.swift in Sources */,
				3ADBCC7E2C1D00B2002C5C1A /* PocketPalApp.swift in Sources */,
				3A26D9702C3B5AC40019B223 /* NewTransactionView.swift in Sources */,
				3A26D96C2C3A306C0019B223 /* Account.swift in Sources */,
				3A26D9682C265D480019B223 /* AccountsView.swift in Sources */,
				3A26D96E2C3B42000019B223 /* Backup.swift in Sources */,
				3A26D9622C2507070019B223 /* ContentView.swift in Sources */,
				3A26D9602C2501370019B223 /* Global.swift in Sources */,
			);
			runOnlyForDeploymentPostprocessing = 0;
		};
/* End PBXSourcesBuildPhase section */

/* Begin XCBuildConfiguration section */
		3ADBCC862C1D00B4002C5C1A /* Debug */ = {
			isa = XCBuildConfiguration;
			buildSettings = {
				ALWAYS_SEARCH_USER_PATHS = NO;
				ASSETCATALOG_COMPILER_GENERATE_SWIFT_ASSET_SYMBOL_EXTENSIONS = YES;
				CLANG_ANALYZER_NONNULL = YES;
				CLANG_ANALYZER_NUMBER_OBJECT_CONVERSION = YES_AGGRESSIVE;
				CLANG_CXX_LANGUAGE_STANDARD = "gnu++20";
				CLANG_ENABLE_MODULES = YES;
				CLANG_ENABLE_OBJC_ARC = YES;
				CLANG_ENABLE_OBJC_WEAK = YES;
				CLANG_WARN_BLOCK_CAPTURE_AUTORELEASING = YES;
				CLANG_WARN_BOOL_CONVERSION = YES;
				CLANG_WARN_COMMA = YES;
				CLANG_WARN_CONSTANT_CONVERSION = YES;
				CLANG_WARN_DEPRECATED_OBJC_IMPLEMENTATIONS = YES;
				CLANG_WARN_DIRECT_OBJC_ISA_USAGE = YES_ERROR;
				CLANG_WARN_DOCUMENTATION_COMMENTS = YES;
				CLANG_WARN_EMPTY_BODY = YES;
				CLANG_WARN_ENUM_CONVERSION = YES;
				CLANG_WARN_INFINITE_RECURSION = YES;
				CLANG_WARN_INT_CONVERSION = YES;
				CLANG_WARN_NON_LITERAL_NULL_CONVERSION = YES;
				CLANG_WARN_OBJC_IMPLICIT_RETAIN_SELF = YES;
				CLANG_WARN_OBJC_LITERAL_CONVERSION = YES;
				CLANG_WARN_OBJC_ROOT_CLASS = YES_ERROR;
				CLANG_WARN_QUOTED_INCLUDE_IN_FRAMEWORK_HEADER = YES;
				CLANG_WARN_RANGE_LOOP_ANALYSIS = YES;
				CLANG_WARN_STRICT_PROTOTYPES = YES;
				CLANG_WARN_SUSPICIOUS_MOVE = YES;
				CLANG_WARN_UNGUARDED_AVAILABILITY = YES_AGGRESSIVE;
				CLANG_WARN_UNREACHABLE_CODE = YES;
				CLANG_WARN__DUPLICATE_METHOD_MATCH = YES;
				COPY_PHASE_STRIP = NO;
				DEBUG_INFORMATION_FORMAT = dwarf;
				ENABLE_STRICT_OBJC_MSGSEND = YES;
				ENABLE_TESTABILITY = YES;
				ENABLE_USER_SCRIPT_SANDBOXING = YES;
				GCC_C_LANGUAGE_STANDARD = gnu17;
				GCC_DYNAMIC_NO_PIC = NO;
				GCC_NO_COMMON_BLOCKS = YES;
				GCC_OPTIMIZATION_LEVEL = 0;
				GCC_PREPROCESSOR_DEFINITIONS = (
					"DEBUG=1",
					"$(inherited)",
				);
				GCC_WARN_64_TO_32_BIT_CONVERSION = YES;
				GCC_WARN_ABOUT_RETURN_TYPE = YES_ERROR;
				GCC_WARN_UNDECLARED_SELECTOR = YES;
				GCC_WARN_UNINITIALIZED_AUTOS = YES_AGGRESSIVE;
				GCC_WARN_UNUSED_FUNCTION = YES;
				GCC_WARN_UNUSED_VARIABLE = YES;
				IPHONEOS_DEPLOYMENT_TARGET = 17.4;
				LOCALIZATION_PREFERS_STRING_CATALOGS = YES;
				MTL_ENABLE_DEBUG_INFO = INCLUDE_SOURCE;
				MTL_FAST_MATH = YES;
				ONLY_ACTIVE_ARCH = YES;
				SDKROOT = iphoneos;
				SWIFT_ACTIVE_COMPILATION_CONDITIONS = "DEBUG $(inherited)";
				SWIFT_OPTIMIZATION_LEVEL = "-Onone";
			};
			name = Debug;
		};
		3ADBCC872C1D00B4002C5C1A /* Release */ = {
			isa = XCBuildConfiguration;
			buildSettings = {
				ALWAYS_SEARCH_USER_PATHS = NO;
				ASSETCATALOG_COMPILER_GENERATE_SWIFT_ASSET_SYMBOL_EXTENSIONS = YES;
				CLANG_ANALYZER_NONNULL = YES;
				CLANG_ANALYZER_NUMBER_OBJECT_CONVERSION = YES_AGGRESSIVE;
				CLANG_CXX_LANGUAGE_STANDARD = "gnu++20";
				CLANG_ENABLE_MODULES = YES;
				CLANG_ENABLE_OBJC_ARC = YES;
				CLANG_ENABLE_OBJC_WEAK = YES;
				CLANG_WARN_BLOCK_CAPTURE_AUTORELEASING = YES;
				CLANG_WARN_BOOL_CONVERSION = YES;
				CLANG_WARN_COMMA = YES;
				CLANG_WARN_CONSTANT_CONVERSION = YES;
				CLANG_WARN_DEPRECATED_OBJC_IMPLEMENTATIONS = YES;
				CLANG_WARN_DIRECT_OBJC_ISA_USAGE = YES_ERROR;
				CLANG_WARN_DOCUMENTATION_COMMENTS = YES;
				CLANG_WARN_EMPTY_BODY = YES;
				CLANG_WARN_ENUM_CONVERSION = YES;
				CLANG_WARN_INFINITE_RECURSION = YES;
				CLANG_WARN_INT_CONVERSION = YES;
				CLANG_WARN_NON_LITERAL_NULL_CONVERSION = YES;
				CLANG_WARN_OBJC_IMPLICIT_RETAIN_SELF = YES;
				CLANG_WARN_OBJC_LITERAL_CONVERSION = YES;
				CLANG_WARN_OBJC_ROOT_CLASS = YES_ERROR;
				CLANG_WARN_QUOTED_INCLUDE_IN_FRAMEWORK_HEADER = YES;
				CLANG_WARN_RANGE_LOOP_ANALYSIS = YES;
				CLANG_WARN_STRICT_PROTOTYPES = YES;
				CLANG_WARN_SUSPICIOUS_MOVE = YES;
				CLANG_WARN_UNGUARDED_AVAILABILITY = YES_AGGRESSIVE;
				CLANG_WARN_UNREACHABLE_CODE = YES;
				CLANG_WARN__DUPLICATE_METHOD_MATCH = YES;
				COPY_PHASE_STRIP = NO;
				DEBUG_INFORMATION_FORMAT = "dwarf-with-dsym";
				ENABLE_NS_ASSERTIONS = NO;
				ENABLE_STRICT_OBJC_MSGSEND = YES;
				ENABLE_USER_SCRIPT_SANDBOXING = YES;
				GCC_C_LANGUAGE_STANDARD = gnu17;
				GCC_NO_COMMON_BLOCKS = YES;
				GCC_WARN_64_TO_32_BIT_CONVERSION = YES;
				GCC_WARN_ABOUT_RETURN_TYPE = YES_ERROR;
				GCC_WARN_UNDECLARED_SELECTOR = YES;
				GCC_WARN_UNINITIALIZED_AUTOS = YES_AGGRESSIVE;
				GCC_WARN_UNUSED_FUNCTION = YES;
				GCC_WARN_UNUSED_VARIABLE = YES;
				IPHONEOS_DEPLOYMENT_TARGET = 17.4;
				LOCALIZATION_PREFERS_STRING_CATALOGS = YES;
				MTL_ENABLE_DEBUG_INFO = NO;
				MTL_FAST_MATH = YES;
				SDKROOT = iphoneos;
				SWIFT_COMPILATION_MODE = wholemodule;
				VALIDATE_PRODUCT = YES;
			};
			name = Release;
		};
		3ADBCC892C1D00B4002C5C1A /* Debug */ = {
			isa = XCBuildConfiguration;
			buildSettings = {
				ASSETCATALOG_COMPILER_APPICON_NAME = AppIcon;
				ASSETCATALOG_COMPILER_GLOBAL_ACCENT_COLOR_NAME = AccentColor;
				CODE_SIGN_STYLE = Automatic;
				CURRENT_PROJECT_VERSION = 1;
				DEVELOPMENT_ASSET_PATHS = "\"PocketPal/Preview Content\"";
				DEVELOPMENT_TEAM = 2TX9W9SS3U;
				ENABLE_PREVIEWS = YES;
				GENERATE_INFOPLIST_FILE = YES;
				INFOPLIST_KEY_UIApplicationSceneManifest_Generation = YES;
				INFOPLIST_KEY_UIApplicationSupportsIndirectInputEvents = YES;
				INFOPLIST_KEY_UILaunchScreen_Generation = YES;
				INFOPLIST_KEY_UISupportedInterfaceOrientations_iPad = "UIInterfaceOrientationPortrait UIInterfaceOrientationPortraitUpsideDown UIInterfaceOrientationLandscapeLeft UIInterfaceOrientationLandscapeRight";
				INFOPLIST_KEY_UISupportedInterfaceOrientations_iPhone = "UIInterfaceOrientationPortrait UIInterfaceOrientationLandscapeLeft UIInterfaceOrientationLandscapeRight";
				LD_RUNPATH_SEARCH_PATHS = (
					"$(inherited)",
					"@executable_path/Frameworks",
				);
				MARKETING_VERSION = 1.0;
				PRODUCT_BUNDLE_IDENTIFIER = "Adrian-Faz.PocketPal";
				PRODUCT_NAME = "$(TARGET_NAME)";
				SWIFT_EMIT_LOC_STRINGS = YES;
				SWIFT_VERSION = 5.0;
				TARGETED_DEVICE_FAMILY = "1,2";
			};
			name = Debug;
		};
		3ADBCC8A2C1D00B4002C5C1A /* Release */ = {
			isa = XCBuildConfiguration;
			buildSettings = {
				ASSETCATALOG_COMPILER_APPICON_NAME = AppIcon;
				ASSETCATALOG_COMPILER_GLOBAL_ACCENT_COLOR_NAME = AccentColor;
				CODE_SIGN_STYLE = Automatic;
				CURRENT_PROJECT_VERSION = 1;
				DEVELOPMENT_ASSET_PATHS = "\"PocketPal/Preview Content\"";
				DEVELOPMENT_TEAM = 2TX9W9SS3U;
				ENABLE_PREVIEWS = YES;
				GENERATE_INFOPLIST_FILE = YES;
				INFOPLIST_KEY_UIApplicationSceneManifest_Generation = YES;
				INFOPLIST_KEY_UIApplicationSupportsIndirectInputEvents = YES;
				INFOPLIST_KEY_UILaunchScreen_Generation = YES;
				INFOPLIST_KEY_UISupportedInterfaceOrientations_iPad = "UIInterfaceOrientationPortrait UIInterfaceOrientationPortraitUpsideDown UIInterfaceOrientationLandscapeLeft UIInterfaceOrientationLandscapeRight";
				INFOPLIST_KEY_UISupportedInterfaceOrientations_iPhone = "UIInterfaceOrientationPortrait UIInterfaceOrientationLandscapeLeft UIInterfaceOrientationLandscapeRight";
				LD_RUNPATH_SEARCH_PATHS = (
					"$(inherited)",
					"@executable_path/Frameworks",
				);
				MARKETING_VERSION = 1.0;
				PRODUCT_BUNDLE_IDENTIFIER = "Adrian-Faz.PocketPal";
				PRODUCT_NAME = "$(TARGET_NAME)";
				SWIFT_EMIT_LOC_STRINGS = YES;
				SWIFT_VERSION = 5.0;
				TARGETED_DEVICE_FAMILY = "1,2";
			};
			name = Release;
		};
/* End XCBuildConfiguration section */

/* Begin XCConfigurationList section */
		3ADBCC752C1D00B2002C5C1A /* Build configuration list for PBXProject "PocketPal" */ = {
			isa = XCConfigurationList;
			buildConfigurations = (
				3ADBCC862C1D00B4002C5C1A /* Debug */,
				3ADBCC872C1D00B4002C5C1A /* Release */,
			);
			defaultConfigurationIsVisible = 0;
			defaultConfigurationName = Release;
		};
		3ADBCC882C1D00B4002C5C1A /* Build configuration list for PBXNativeTarget "PocketPal" */ = {
			isa = XCConfigurationList;
			buildConfigurations = (
				3ADBCC892C1D00B4002C5C1A /* Debug */,
				3ADBCC8A2C1D00B4002C5C1A /* Release */,
			);
			defaultConfigurationIsVisible = 0;
			defaultConfigurationName = Release;
		};
/* End XCConfigurationList section */
	};
	rootObject = 3ADBCC722C1D00B2002C5C1A /* Project object */;
}
